
Microsoft Visual Studio Solution File, Format Version 12.00
# Visual Studio 2012
Project("{FAE04EC0-301F-11D3-BF4B-00C04F79EFBC}") = "ItemConsole", "ItemConsole\ItemConsole.csproj", "{E4B9133C-7FA3-4230-837E-B39ED46C1E18}"
EndProject
Project("{FAE04EC0-301F-11D3-BF4B-00C04F79EFBC}") = "ItemWebApiExtension", "ItemWebApiExtension\ItemWebApiExtension.csproj", "{C4B73718-75F2-47F2-83A7-96BB21845B15}"
EndProject
Global
	GlobalSection(SolutionConfigurationPlatforms) = preSolution
		Debug|Any CPU = Debug|Any CPU
		Release|Any CPU = Release|Any CPU
	EndGlobalSection
	GlobalSection(ProjectConfigurationPlatforms) = postSolution
		{E4B9133C-7FA3-4230-837E-B39ED46C1E18}.Debug|Any CPU.ActiveCfg = Debug|Any CPU
		{E4B9133C-7FA3-4230-837E-B39ED46C1E18}.Debug|Any CPU.Build.0 = Debug|Any CPU
		{E4B9133C-7FA3-4230-837E-B39ED46C1E18}.Release|Any CPU.ActiveCfg = Release|Any CPU
		{E4B9133C-7FA3-4230-837E-B39ED46C1E18}.Release|Any CPU.Build.0 = Release|Any CPU
		{C4B73718-75F2-47F2-83A7-96BB21845B15}.Debug|Any CPU.ActiveCfg = Debug|Any CPU
		{C4B73718-75F2-47F2-83A7-96BB21845B15}.Debug|Any CPU.Build.0 = Debug|Any CPU
		{C4B73718-75F2-47F2-83A7-96BB21845B15}.Release|Any CPU.ActiveCfg = Release|Any CPU
		{C4B73718-75F2-47F2-83A7-96BB21845B15}.Release|Any CPU.Build.0 = Release|Any CPU
	EndGlobalSection
	GlobalSection(SolutionProperties) = preSolution
		HideSolutionNode = FALSE
	EndGlobalSection
EndGlobal
